
Microsoft Visual Studio Solution File, Format Version 12.00
# Visual Studio 15
VisualStudioVersion = 15.0.28307.960
MinimumVisualStudioVersion = 10.0.40219.1
Project("{8BC9CEB8-8B4A-11D0-8D11-00A0C91BC942}") = "CSC 160 Chapter 3 Program", "CSC 160 Chapter 3 Program\CSC 160 Chapter 3 Program.vcxproj", "{698CA015-3066-4FD6-8C58-0B5249629E3B}"
EndProject
Global
	GlobalSection(SolutionConfigurationPlatforms) = preSolution
		Debug|x64 = Debug|x64
		Debug|x86 = Debug|x86
		Release|x64 = Release|x64
		Release|x86 = Release|x86
	EndGlobalSection
	GlobalSection(ProjectConfigurationPlatforms) = postSolution
		{698CA015-3066-4FD6-8C58-0B5249629E3B}.Debug|x64.ActiveCfg = Debug|x64
		{698CA015-3066-4FD6-8C58-0B5249629E3B}.Debug|x64.Build.0 = Debug|x64
		{698CA015-3066-4FD6-8C58-0B5249629E3B}.Debug|x86.ActiveCfg = Debug|Win32
		{698CA015-3066-4FD6-8C58-0B5249629E3B}.Debug|x86.Build.0 = Debug|Win32
		{698CA015-3066-4FD6-8C58-0B5249629E3B}.Release|x64.ActiveCfg = Release|x64
		{698CA015-3066-4FD6-8C58-0B5249629E3B}.Release|x64.Build.0 = Release|x64
		{698CA015-3066-4FD6-8C58-0B5249629E3B}.Release|x86.ActiveCfg = Release|Win32
		{698CA015-3066-4FD6-8C58-0B5249629E3B}.Release|x86.Build.0 = Release|Win32
	EndGlobalSection
	GlobalSection(SolutionProperties) = preSolution
		HideSolutionNode = FALSE
	EndGlobalSection
	GlobalSection(ExtensibilityGlobals) = postSolution
		SolutionGuid = {624E947B-318B-4836-AF28-2E3DE7AE6CC0}
	EndGlobalSection
EndGlobal
